
Microsoft Visual Studio Solution File, Format Version 12.00
# Visual Studio Version 17
VisualStudioVersion = 17.5.33502.453
MinimumVisualStudioVersion = 10.0.40219.1
Project("{FAE04EC0-301F-11D3-BF4B-00C04F79EFBC}") = "HeightxAreaEstimate", "HeightxAreaEstimate.csproj", "{E462AE0C-380B-4768-BE92-3F9D46128CD6}"
EndProject
Global
	GlobalSection(SolutionConfigurationPlatforms) = preSolution
		Debug|Any CPU = Debug|Any CPU
		Release|Any CPU = Release|Any CPU
	EndGlobalSection
	GlobalSection(ProjectConfigurationPlatforms) = postSolution
		{E462AE0C-380B-4768-BE92-3F9D46128CD6}.Debug|Any CPU.ActiveCfg = Release|Any CPU
		{E462AE0C-380B-4768-BE92-3F9D46128CD6}.Debug|Any CPU.Build.0 = Release|Any CPU
		{E462AE0C-380B-4768-BE92-3F9D46128CD6}.Release|Any CPU.ActiveCfg = Release|Any CPU
		{E462AE0C-380B-4768-BE92-3F9D46128CD6}.Release|Any CPU.Build.0 = Release|Any CPU
	EndGlobalSection
	GlobalSection(SolutionProperties) = preSolution
		HideSolutionNode = FALSE
	EndGlobalSection
	GlobalSection(ExtensibilityGlobals) = postSolution
		SolutionGuid = {8234A313-F42F-444E-8704-85468DA755F5}
	EndGlobalSection
EndGlobal
