
Microsoft Visual Studio Solution File, Format Version 12.00
# Visual Studio Version 17
VisualStudioVersion = 17.5.33502.453
MinimumVisualStudioVersion = 10.0.40219.1
Project("{FAE04EC0-301F-11D3-BF4B-00C04F79EFBC}") = "WaSARxCLI", "WaSARxCLI.csproj", "{96DD97EA-08D7-49EF-B90C-E0E963020490}"
EndProject
Project("{FAE04EC0-301F-11D3-BF4B-00C04F79EFBC}") = "IntersectionSupport", "..\IntersectionSupport\IntersectionSupport.csproj", "{DA8C229C-5BD5-462A-BA60-A1681852DEF9}"
EndProject
Global
	GlobalSection(SolutionConfigurationPlatforms) = preSolution
		Debug|Any CPU = Debug|Any CPU
		Release|Any CPU = Release|Any CPU
	EndGlobalSection
	GlobalSection(ProjectConfigurationPlatforms) = postSolution
		{96DD97EA-08D7-49EF-B90C-E0E963020490}.Debug|Any CPU.ActiveCfg = Release|Any CPU
		{96DD97EA-08D7-49EF-B90C-E0E963020490}.Debug|Any CPU.Build.0 = Release|Any CPU
		{96DD97EA-08D7-49EF-B90C-E0E963020490}.Release|Any CPU.ActiveCfg = Release|Any CPU
		{96DD97EA-08D7-49EF-B90C-E0E963020490}.Release|Any CPU.Build.0 = Release|Any CPU
		{DA8C229C-5BD5-462A-BA60-A1681852DEF9}.Debug|Any CPU.ActiveCfg = Release|Any CPU
		{DA8C229C-5BD5-462A-BA60-A1681852DEF9}.Debug|Any CPU.Build.0 = Release|Any CPU
		{DA8C229C-5BD5-462A-BA60-A1681852DEF9}.Release|Any CPU.ActiveCfg = Release|Any CPU
		{DA8C229C-5BD5-462A-BA60-A1681852DEF9}.Release|Any CPU.Build.0 = Release|Any CPU
	EndGlobalSection
	GlobalSection(SolutionProperties) = preSolution
		HideSolutionNode = FALSE
	EndGlobalSection
	GlobalSection(ExtensibilityGlobals) = postSolution
		SolutionGuid = {DC0B8295-FA80-4B4F-8D7D-C291BDBAF97B}
	EndGlobalSection
EndGlobal
