
Microsoft Visual Studio Solution File, Format Version 12.00
# Visual Studio Version 17
VisualStudioVersion = 17.5.33502.453
MinimumVisualStudioVersion = 10.0.40219.1
Project("{FAE04EC0-301F-11D3-BF4B-00C04F79EFBC}") = "WaSARxGUI", "WaSARxGUI.csproj", "{5776D966-B910-46B1-BC1D-D9715F59F1F5}"
EndProject
Global
	GlobalSection(SolutionConfigurationPlatforms) = preSolution
		Debug|Any CPU = Debug|Any CPU
		Release|Any CPU = Release|Any CPU
	EndGlobalSection
	GlobalSection(ProjectConfigurationPlatforms) = postSolution
		{5776D966-B910-46B1-BC1D-D9715F59F1F5}.Debug|Any CPU.ActiveCfg = Release|Any CPU
		{5776D966-B910-46B1-BC1D-D9715F59F1F5}.Debug|Any CPU.Build.0 = Release|Any CPU
		{5776D966-B910-46B1-BC1D-D9715F59F1F5}.Release|Any CPU.ActiveCfg = Release|Any CPU
		{5776D966-B910-46B1-BC1D-D9715F59F1F5}.Release|Any CPU.Build.0 = Release|Any CPU
	EndGlobalSection
	GlobalSection(SolutionProperties) = preSolution
		HideSolutionNode = FALSE
	EndGlobalSection
	GlobalSection(ExtensibilityGlobals) = postSolution
		SolutionGuid = {258D8715-DF11-48DD-94A8-D096B59525DA}
	EndGlobalSection
EndGlobal
